// !$*UTF8*$!
{
	archiveVersion = 1;
	classes = {
	};
	objectVersion = 50;
	objects = {

/* Begin PBXBuildFile section */
		81AA822523B9F45B0054FFF6 /* ViewController1.swift in Sources */ = {isa = PBXBuildFile; fileRef = 81AA822423B9F45B0054FFF6 /* ViewController1.swift */; };
		81AA822923BA07A20054FFF6 /* RoundButton.swift in Sources */ = {isa = PBXBuildFile; fileRef = 81AA822823BA07A20054FFF6 /* RoundButton.swift */; };
		81AA822B23BA12C70054FFF6 /* TermsAndConditionsData.html in Resources */ = {isa = PBXBuildFile; fileRef = 81AA822A23BA12C70054FFF6 /* TermsAndConditionsData.html */; };
		81E1C8C523BD096A00C8422E /* InboxViewController.swift in Sources */ = {isa = PBXBuildFile; fileRef = 81E1C8C423BD096A00C8422E /* InboxViewController.swift */; };
		81E1C8C723BD0A8000C8422E /* OutboxViewController.swift in Sources */ = {isa = PBXBuildFile; fileRef = 81E1C8C623BD0A8000C8422E /* OutboxViewController.swift */; };
		81E1C8C923BD0A9200C8422E /* HistoryViewController.swift in Sources */ = {isa = PBXBuildFile; fileRef = 81E1C8C823BD0A9200C8422E /* HistoryViewController.swift */; };
		81E1C8CB23BD0AA000C8422E /* MoreViewController.swift in Sources */ = {isa = PBXBuildFile; fileRef = 81E1C8CA23BD0AA000C8422E /* MoreViewController.swift */; };
		EE46E6E123A1167900B18C60 /* AppDelegate.swift in Sources */ = {isa = PBXBuildFile; fileRef = EE46E6E023A1167900B18C60 /* AppDelegate.swift */; };
		EE46E6E323A1167900B18C60 /* SceneDelegate.swift in Sources */ = {isa = PBXBuildFile; fileRef = EE46E6E223A1167900B18C60 /* SceneDelegate.swift */; };
		EE46E6E523A1167900B18C60 /* ViewController.swift in Sources */ = {isa = PBXBuildFile; fileRef = EE46E6E423A1167900B18C60 /* ViewController.swift */; };
		EE46E6E823A1167900B18C60 /* Main.storyboard in Resources */ = {isa = PBXBuildFile; fileRef = EE46E6E623A1167900B18C60 /* Main.storyboard */; };
		EE46E6EA23A1167D00B18C60 /* Assets.xcassets in Resources */ = {isa = PBXBuildFile; fileRef = EE46E6E923A1167D00B18C60 /* Assets.xcassets */; };
		EE46E6ED23A1167D00B18C60 /* LaunchScreen.storyboard in Resources */ = {isa = PBXBuildFile; fileRef = EE46E6EB23A1167D00B18C60 /* LaunchScreen.storyboard */; };
		EE8D862023C3AB5800904878 /* PageViewController.swift in Sources */ = {isa = PBXBuildFile; fileRef = EE8D861F23C3AB5800904878 /* PageViewController.swift */; };
/* End PBXBuildFile section */

/* Begin PBXFileReference section */
		81AA822423B9F45B0054FFF6 /* ViewController1.swift */ = {isa = PBXFileReference; lastKnownFileType = sourcecode.swift; path = ViewController1.swift; sourceTree = "<group>"; };
		81AA822823BA07A20054FFF6 /* RoundButton.swift */ = {isa = PBXFileReference; lastKnownFileType = sourcecode.swift; path = RoundButton.swift; sourceTree = "<group>"; };
		81AA822A23BA12C70054FFF6 /* TermsAndConditionsData.html */ = {isa = PBXFileReference; fileEncoding = 4; lastKnownFileType = text.html; path = TermsAndConditionsData.html; sourceTree = "<group>"; };
		81E1C8C423BD096A00C8422E /* InboxViewController.swift */ = {isa = PBXFileReference; lastKnownFileType = sourcecode.swift; path = InboxViewController.swift; sourceTree = "<group>"; };
		81E1C8C623BD0A8000C8422E /* OutboxViewController.swift */ = {isa = PBXFileReference; lastKnownFileType = sourcecode.swift; path = OutboxViewController.swift; sourceTree = "<group>"; };
		81E1C8C823BD0A9200C8422E /* HistoryViewController.swift */ = {isa = PBXFileReference; lastKnownFileType = sourcecode.swift; path = HistoryViewController.swift; sourceTree = "<group>"; };
		81E1C8CA23BD0AA000C8422E /* MoreViewController.swift */ = {isa = PBXFileReference; lastKnownFileType = sourcecode.swift; path = MoreViewController.swift; sourceTree = "<group>"; };
		EE46E6DD23A1167900B18C60 /* iAgree2.0.app */ = {isa = PBXFileReference; explicitFileType = wrapper.application; includeInIndex = 0; path = iAgree2.0.app; sourceTree = BUILT_PRODUCTS_DIR; };
		EE46E6E023A1167900B18C60 /* AppDelegate.swift */ = {isa = PBXFileReference; lastKnownFileType = sourcecode.swift; path = AppDelegate.swift; sourceTree = "<group>"; };
		EE46E6E223A1167900B18C60 /* SceneDelegate.swift */ = {isa = PBXFileReference; lastKnownFileType = sourcecode.swift; path = SceneDelegate.swift; sourceTree = "<group>"; };
		EE46E6E423A1167900B18C60 /* ViewController.swift */ = {isa = PBXFileReference; lastKnownFileType = sourcecode.swift; path = ViewController.swift; sourceTree = "<group>"; };
		EE46E6E723A1167900B18C60 /* Base */ = {isa = PBXFileReference; lastKnownFileType = file.storyboard; name = Base; path = Base.lproj/Main.storyboard; sourceTree = "<group>"; };
		EE46E6E923A1167D00B18C60 /* Assets.xcassets */ = {isa = PBXFileReference; lastKnownFileType = folder.assetcatalog; path = Assets.xcassets; sourceTree = "<group>"; };
		EE46E6EC23A1167D00B18C60 /* Base */ = {isa = PBXFileReference; lastKnownFileType = file.storyboard; name = Base; path = Base.lproj/LaunchScreen.storyboard; sourceTree = "<group>"; };
		EE46E6EE23A1167D00B18C60 /* Info.plist */ = {isa = PBXFileReference; lastKnownFileType = text.plist.xml; path = Info.plist; sourceTree = "<group>"; };
		EE8D861F23C3AB5800904878 /* PageViewController.swift */ = {isa = PBXFileReference; lastKnownFileType = sourcecode.swift; path = PageViewController.swift; sourceTree = "<group>"; };
/* End PBXFileReference section */

/* Begin PBXFrameworksBuildPhase section */
		EE46E6DA23A1167900B18C60 /* Frameworks */ = {
			isa = PBXFrameworksBuildPhase;
			buildActionMask = 2147483647;
			files = (
			);
			runOnlyForDeploymentPostprocessing = 0;
		};
/* End PBXFrameworksBuildPhase section */

/* Begin PBXGroup section */
		EE46E6D423A1167800B18C60 = {
			isa = PBXGroup;
			children = (
				EE46E6DF23A1167900B18C60 /* iAgree2.0 */,
				EE46E6DE23A1167900B18C60 /* Products */,
			);
			sourceTree = "<group>";
		};
		EE46E6DE23A1167900B18C60 /* Products */ = {
			isa = PBXGroup;
			children = (
				EE46E6DD23A1167900B18C60 /* iAgree2.0.app */,
			);
			name = Products;
			sourceTree = "<group>";
		};
		EE46E6DF23A1167900B18C60 /* iAgree2.0 */ = {
			isa = PBXGroup;
			children = (
				EE46E6E023A1167900B18C60 /* AppDelegate.swift */,
				EE46E6E223A1167900B18C60 /* SceneDelegate.swift */,
				EE46E6E423A1167900B18C60 /* ViewController.swift */,
				EE46E6E623A1167900B18C60 /* Main.storyboard */,
				EE46E6E923A1167D00B18C60 /* Assets.xcassets */,
				EE46E6EB23A1167D00B18C60 /* LaunchScreen.storyboard */,
				81AA822A23BA12C70054FFF6 /* TermsAndConditionsData.html */,
				EE46E6EE23A1167D00B18C60 /* Info.plist */,
				81AA822423B9F45B0054FFF6 /* ViewController1.swift */,
				81AA822823BA07A20054FFF6 /* RoundButton.swift */,
				81E1C8C423BD096A00C8422E /* InboxViewController.swift */,
				81E1C8C623BD0A8000C8422E /* OutboxViewController.swift */,
				81E1C8C823BD0A9200C8422E /* HistoryViewController.swift */,
				81E1C8CA23BD0AA000C8422E /* MoreViewController.swift */,
				EE8D861F23C3AB5800904878 /* PageViewController.swift */,
			);
			path = iAgree2.0;
			sourceTree = "<group>";
		};
/* End PBXGroup section */

/* Begin PBXNativeTarget section */
		EE46E6DC23A1167900B18C60 /* iAgree2.0 */ = {
			isa = PBXNativeTarget;
			buildConfigurationList = EE46E6F123A1167D00B18C60 /* Build configuration list for PBXNativeTarget "iAgree2.0" */;
			buildPhases = (
				EE46E6D923A1167900B18C60 /* Sources */,
				EE46E6DA23A1167900B18C60 /* Frameworks */,
				EE46E6DB23A1167900B18C60 /* Resources */,
			);
			buildRules = (
			);
			dependencies = (
			);
			name = iAgree2.0;
			productName = iAgree2.0;
			productReference = EE46E6DD23A1167900B18C60 /* iAgree2.0.app */;
			productType = "com.apple.product-type.application";
		};
/* End PBXNativeTarget section */

/* Begin PBXProject section */
		EE46E6D523A1167800B18C60 /* Project object */ = {
			isa = PBXProject;
			attributes = {
				LastSwiftUpdateCheck = 1120;
				LastUpgradeCheck = 1120;
				ORGANIZATIONNAME = vwits;
				TargetAttributes = {
					EE46E6DC23A1167900B18C60 = {
						CreatedOnToolsVersion = 11.2;
					};
				};
			};
			buildConfigurationList = EE46E6D823A1167800B18C60 /* Build configuration list for PBXProject "iAgree2.0" */;
			compatibilityVersion = "Xcode 9.3";
			developmentRegion = en;
			hasScannedForEncodings = 0;
			knownRegions = (
				en,
				Base,
			);
			mainGroup = EE46E6D423A1167800B18C60;
			productRefGroup = EE46E6DE23A1167900B18C60 /* Products */;
			projectDirPath = "";
			projectRoot = "";
			targets = (
				EE46E6DC23A1167900B18C60 /* iAgree2.0 */,
			);
		};
/* End PBXProject section */

/* Begin PBXResourcesBuildPhase section */
		EE46E6DB23A1167900B18C60 /* Resources */ = {
			isa = PBXResourcesBuildPhase;
			buildActionMask = 2147483647;
			files = (
				EE46E6ED23A1167D00B18C60 /* LaunchScreen.storyboard in Resources */,
				81AA822B23BA12C70054FFF6 /* TermsAndConditionsData.html in Resources */,
				EE46E6EA23A1167D00B18C60 /* Assets.xcassets in Resources */,
				EE46E6E823A1167900B18C60 /* Main.storyboard in Resources */,
			);
			runOnlyForDeploymentPostprocessing = 0;
		};
/* End PBXResourcesBuildPhase section */

/* Begin PBXSourcesBuildPhase section */
		EE46E6D923A1167900B18C60 /* Sources */ = {
			isa = PBXSourcesBuildPhase;
			buildActionMask = 2147483647;
			files = (
				81E1C8CB23BD0AA000C8422E /* MoreViewController.swift in Sources */,
				EE8D862023C3AB5800904878 /* PageViewController.swift in Sources */,
				81AA822523B9F45B0054FFF6 /* ViewController1.swift in Sources */,
				81E1C8C523BD096A00C8422E /* InboxViewController.swift in Sources */,
				81AA822923BA07A20054FFF6 /* RoundButton.swift in Sources */,
				EE46E6E523A1167900B18C60 /* ViewController.swift in Sources */,
				EE46E6E123A1167900B18C60 /* AppDelegate.swift in Sources */,
				EE46E6E323A1167900B18C60 /* SceneDelegate.swift in Sources */,
				81E1C8C723BD0A8000C8422E /* OutboxViewController.swift in Sources */,
				81E1C8C923BD0A9200C8422E /* HistoryViewController.swift in Sources */,
			);
			runOnlyForDeploymentPostprocessing = 0;
		};
/* End PBXSourcesBuildPhase section */

/* Begin PBXVariantGroup section */
		EE46E6E623A1167900B18C60 /* Main.storyboard */ = {
			isa = PBXVariantGroup;
			children = (
				EE46E6E723A1167900B18C60 /* Base */,
			);
			name = Main.storyboard;
			sourceTree = "<group>";
		};
		EE46E6EB23A1167D00B18C60 /* LaunchScreen.storyboard */ = {
			isa = PBXVariantGroup;
			children = (
				EE46E6EC23A1167D00B18C60 /* Base */,
			);
			name = LaunchScreen.storyboard;
			sourceTree = "<group>";
		};
/* End PBXVariantGroup section */

/* Begin XCBuildConfiguration section */
		EE46E6EF23A1167D00B18C60 /* Debug */ = {
			isa = XCBuildConfiguration;
			buildSettings = {
				ALWAYS_SEARCH_USER_PATHS = NO;
				CLANG_ANALYZER_NONNULL = YES;
				CLANG_ANALYZER_NUMBER_OBJECT_CONVERSION = YES_AGGRESSIVE;
				CLANG_CXX_LANGUAGE_STANDARD = "gnu++14";
				CLANG_CXX_LIBRARY = "libc++";
				CLANG_ENABLE_MODULES = YES;
				CLANG_ENABLE_OBJC_ARC = YES;
				CLANG_ENABLE_OBJC_WEAK = YES;
				CLANG_WARN_BLOCK_CAPTURE_AUTORELEASING = YES;
				CLANG_WARN_BOOL_CONVERSION = YES;
				CLANG_WARN_COMMA = YES;
				CLANG_WARN_CONSTANT_CONVERSION = YES;
				CLANG_WARN_DEPRECATED_OBJC_IMPLEMENTATIONS = YES;
				CLANG_WARN_DIRECT_OBJC_ISA_USAGE = YES_ERROR;
				CLANG_WARN_DOCUMENTATION_COMMENTS = YES;
				CLANG_WARN_EMPTY_BODY = YES;
				CLANG_WARN_ENUM_CONVERSION = YES;
				CLANG_WARN_INFINITE_RECURSION = YES;
				CLANG_WARN_INT_CONVERSION = YES;
				CLANG_WARN_NON_LITERAL_NULL_CONVERSION = YES;
				CLANG_WARN_OBJC_IMPLICIT_RETAIN_SELF = YES;
				CLANG_WARN_OBJC_LITERAL_CONVERSION = YES;
				CLANG_WARN_OBJC_ROOT_CLASS = YES_ERROR;
				CLANG_WARN_RANGE_LOOP_ANALYSIS = YES;
				CLANG_WARN_STRICT_PROTOTYPES = YES;
				CLANG_WARN_SUSPICIOUS_MOVE = YES;
				CLANG_WARN_UNGUARDED_AVAILABILITY = YES_AGGRESSIVE;
				CLANG_WARN_UNREACHABLE_CODE = YES;
				CLANG_WARN__DUPLICATE_METHOD_MATCH = YES;
				COPY_PHASE_STRIP = NO;
				DEBUG_INFORMATION_FORMAT = dwarf;
				ENABLE_STRICT_OBJC_MSGSEND = YES;
				ENABLE_TESTABILITY = YES;
				GCC_C_LANGUAGE_STANDARD = gnu11;
				GCC_DYNAMIC_NO_PIC = NO;
				GCC_NO_COMMON_BLOCKS = YES;
				GCC_OPTIMIZATION_LEVEL = 0;
				GCC_PREPROCESSOR_DEFINITIONS = (
					"DEBUG=1",
					"$(inherited)",
				);
				GCC_WARN_64_TO_32_BIT_CONVERSION = YES;
				GCC_WARN_ABOUT_RETURN_TYPE = YES_ERROR;
				GCC_WARN_UNDECLARED_SELECTOR = YES;
				GCC_WARN_UNINITIALIZED_AUTOS = YES_AGGRESSIVE;
				GCC_WARN_UNUSED_FUNCTION = YES;
				GCC_WARN_UNUSED_VARIABLE = YES;
				IPHONEOS_DEPLOYMENT_TARGET = 13.2;
				MTL_ENABLE_DEBUG_INFO = INCLUDE_SOURCE;
				MTL_FAST_MATH = YES;
				ONLY_ACTIVE_ARCH = YES;
				SDKROOT = iphoneos;
				SWIFT_ACTIVE_COMPILATION_CONDITIONS = DEBUG;
				SWIFT_OPTIMIZATION_LEVEL = "-Onone";
			};
			name = Debug;
		};
		EE46E6F023A1167D00B18C60 /* Release */ = {
			isa = XCBuildConfiguration;
			buildSettings = {
				ALWAYS_SEARCH_USER_PATHS = NO;
				CLANG_ANALYZER_NONNULL = YES;
				CLANG_ANALYZER_NUMBER_OBJECT_CONVERSION = YES_AGGRESSIVE;
				CLANG_CXX_LANGUAGE_STANDARD = "gnu++14";
				CLANG_CXX_LIBRARY = "libc++";
				CLANG_ENABLE_MODULES = YES;
				CLANG_ENABLE_OBJC_ARC = YES;
				CLANG_ENABLE_OBJC_WEAK = YES;
				CLANG_WARN_BLOCK_CAPTURE_AUTORELEASING = YES;
				CLANG_WARN_BOOL_CONVERSION = YES;
				CLANG_WARN_COMMA = YES;
				CLANG_WARN_CONSTANT_CONVERSION = YES;
				CLANG_WARN_DEPRECATED_OBJC_IMPLEMENTATIONS = YES;
				CLANG_WARN_DIRECT_OBJC_ISA_USAGE = YES_ERROR;
				CLANG_WARN_DOCUMENTATION_COMMENTS = YES;
				CLANG_WARN_EMPTY_BODY = YES;
				CLANG_WARN_ENUM_CONVERSION = YES;
				CLANG_WARN_INFINITE_RECURSION = YES;
				CLANG_WARN_INT_CONVERSION = YES;
				CLANG_WARN_NON_LITERAL_NULL_CONVERSION = YES;
				CLANG_WARN_OBJC_IMPLICIT_RETAIN_SELF = YES;
				CLANG_WARN_OBJC_LITERAL_CONVERSION = YES;
				CLANG_WARN_OBJC_ROOT_CLASS = YES_ERROR;
				CLANG_WARN_RANGE_LOOP_ANALYSIS = YES;
				CLANG_WARN_STRICT_PROTOTYPES = YES;
				CLANG_WARN_SUSPICIOUS_MOVE = YES;
				CLANG_WARN_UNGUARDED_AVAILABILITY = YES_AGGRESSIVE;
				CLANG_WARN_UNREACHABLE_CODE = YES;
				CLANG_WARN__DUPLICATE_METHOD_MATCH = YES;
				COPY_PHASE_STRIP = NO;
				DEBUG_INFORMATION_FORMAT = "dwarf-with-dsym";
				ENABLE_NS_ASSERTIONS = NO;
				ENABLE_STRICT_OBJC_MSGSEND = YES;
				GCC_C_LANGUAGE_STANDARD = gnu11;
				GCC_NO_COMMON_BLOCKS = YES;
				GCC_WARN_64_TO_32_BIT_CONVERSION = YES;
				GCC_WARN_ABOUT_RETURN_TYPE = YES_ERROR;
				GCC_WARN_UNDECLARED_SELECTOR = YES;
				GCC_WARN_UNINITIALIZED_AUTOS = YES_AGGRESSIVE;
				GCC_WARN_UNUSED_FUNCTION = YES;
				GCC_WARN_UNUSED_VARIABLE = YES;
				IPHONEOS_DEPLOYMENT_TARGET = 13.2;
				MTL_ENABLE_DEBUG_INFO = NO;
				MTL_FAST_MATH = YES;
				SDKROOT = iphoneos;
				SWIFT_COMPILATION_MODE = wholemodule;
				SWIFT_OPTIMIZATION_LEVEL = "-O";
				VALIDATE_PRODUCT = YES;
			};
			name = Release;
		};
		EE46E6F223A1167D00B18C60 /* Debug */ = {
			isa = XCBuildConfiguration;
			buildSettings = {
				ASSETCATALOG_COMPILER_APPICON_NAME = AppIcon;
				CODE_SIGN_STYLE = Automatic;
				INFOPLIST_FILE = iAgree2.0/Info.plist;
				LD_RUNPATH_SEARCH_PATHS = (
					"$(inherited)",
					"@executable_path/Frameworks",
				);
				PRODUCT_BUNDLE_IDENTIFIER = "com.vwits.iAgree2-0";
				PRODUCT_NAME = "$(TARGET_NAME)";
				SWIFT_VERSION = 5.0;
				TARGETED_DEVICE_FAMILY = "1,2";
			};
			name = Debug;
		};
		EE46E6F323A1167D00B18C60 /* Release */ = {
			isa = XCBuildConfiguration;
			buildSettings = {
				ASSETCATALOG_COMPILER_APPICON_NAME = AppIcon;
				CODE_SIGN_STYLE = Automatic;
				INFOPLIST_FILE = iAgree2.0/Info.plist;
				LD_RUNPATH_SEARCH_PATHS = (
					"$(inherited)",
					"@executable_path/Frameworks",
				);
				PRODUCT_BUNDLE_IDENTIFIER = "com.vwits.iAgree2-0";
				PRODUCT_NAME = "$(TARGET_NAME)";
				SWIFT_VERSION = 5.0;
				TARGETED_DEVICE_FAMILY = "1,2";
			};
			name = Release;
		};
/* End XCBuildConfiguration section */

/* Begin XCConfigurationList section */
		EE46E6D823A1167800B18C60 /* Build configuration list for PBXProject "iAgree2.0" */ = {
			isa = XCConfigurationList;
			buildConfigurations = (
				EE46E6EF23A1167D00B18C60 /* Debug */,
				EE46E6F023A1167D00B18C60 /* Release */,
			);
			defaultConfigurationIsVisible = 0;
			defaultConfigurationName = Release;
		};
		EE46E6F123A1167D00B18C60 /* Build configuration list for PBXNativeTarget "iAgree2.0" */ = {
			isa = XCConfigurationList;
			buildConfigurations = (
				EE46E6F223A1167D00B18C60 /* Debug */,
				EE46E6F323A1167D00B18C60 /* Release */,
			);
			defaultConfigurationIsVisible = 0;
			defaultConfigurationName = Release;
		};
/* End XCConfigurationList section */
	};
	rootObject = EE46E6D523A1167800B18C60 /* Project object */;
}
